
Microsoft Visual Studio Solution File, Format Version 12.00
# Visual Studio 15
VisualStudioVersion = 15.0.28307.1433
MinimumVisualStudioVersion = 10.0.40219.1
Project("{FAE04EC0-301F-11D3-BF4B-00C04F79EFBC}") = "Tinhdahinh", "Tinhdahinh.csproj", "{BA29A6C8-5F91-40A4-9F23-22FF12FB0CED}"
EndProject
Global
	GlobalSection(SolutionConfigurationPlatforms) = preSolution
		Debug|Any CPU = Debug|Any CPU
		Release|Any CPU = Release|Any CPU
	EndGlobalSection
	GlobalSection(ProjectConfigurationPlatforms) = postSolution
		{BA29A6C8-5F91-40A4-9F23-22FF12FB0CED}.Debug|Any CPU.ActiveCfg = Debug|Any CPU
		{BA29A6C8-5F91-40A4-9F23-22FF12FB0CED}.Debug|Any CPU.Build.0 = Debug|Any CPU
		{BA29A6C8-5F91-40A4-9F23-22FF12FB0CED}.Release|Any CPU.ActiveCfg = Release|Any CPU
		{BA29A6C8-5F91-40A4-9F23-22FF12FB0CED}.Release|Any CPU.Build.0 = Release|Any CPU
	EndGlobalSection
	GlobalSection(SolutionProperties) = preSolution
		HideSolutionNode = FALSE
	EndGlobalSection
	GlobalSection(ExtensibilityGlobals) = postSolution
		SolutionGuid = {5329DFC3-8FAD-4738-9DD4-53C08AF6356C}
	EndGlobalSection
EndGlobal
